
Microsoft Visual Studio Solution File, Format Version 12.00
# Visual Studio 15
VisualStudioVersion = 15.0.27428.2015
MinimumVisualStudioVersion = 10.0.40219.1
Project("{9A19103F-16F7-4668-BE54-9A1E7A4F7556}") = "GDPRConsentTools", "GDPRConsentTools\GDPRConsentTools\GDPRConsentTools.csproj", "{4A292BE8-2513-43DC-8A2F-A106FB140608}"
EndProject
Project("{FAE04EC0-301F-11D3-BF4B-00C04F79EFBC}") = "GDPRConsentTools.Vsix", "GDPRConsentTools\GDPRConsentTools.Vsix\GDPRConsentTools.Vsix.csproj", "{234FD2B1-70ED-433F-963D-AAE12F723F77}"
EndProject
Global
	GlobalSection(SolutionConfigurationPlatforms) = preSolution
		Debug|Any CPU = Debug|Any CPU
		Release|Any CPU = Release|Any CPU
	EndGlobalSection
	GlobalSection(ProjectConfigurationPlatforms) = postSolution
		{4A292BE8-2513-43DC-8A2F-A106FB140608}.Debug|Any CPU.ActiveCfg = Debug|Any CPU
		{4A292BE8-2513-43DC-8A2F-A106FB140608}.Debug|Any CPU.Build.0 = Debug|Any CPU
		{4A292BE8-2513-43DC-8A2F-A106FB140608}.Release|Any CPU.ActiveCfg = Release|Any CPU
		{4A292BE8-2513-43DC-8A2F-A106FB140608}.Release|Any CPU.Build.0 = Release|Any CPU
		{234FD2B1-70ED-433F-963D-AAE12F723F77}.Debug|Any CPU.ActiveCfg = Debug|Any CPU
		{234FD2B1-70ED-433F-963D-AAE12F723F77}.Debug|Any CPU.Build.0 = Debug|Any CPU
		{234FD2B1-70ED-433F-963D-AAE12F723F77}.Release|Any CPU.ActiveCfg = Release|Any CPU
		{234FD2B1-70ED-433F-963D-AAE12F723F77}.Release|Any CPU.Build.0 = Release|Any CPU
	EndGlobalSection
	GlobalSection(SolutionProperties) = preSolution
		HideSolutionNode = FALSE
	EndGlobalSection
	GlobalSection(ExtensibilityGlobals) = postSolution
		SolutionGuid = {FD81051D-AF6D-4654-8DD2-70F16DFFD08D}
	EndGlobalSection
EndGlobal
